
Microsoft Visual Studio Solution File, Format Version 12.00
# Visual Studio Version 16
VisualStudioVersion = 16.0.31005.135
MinimumVisualStudioVersion = 10.0.40219.1
Project("{FAE04EC0-301F-11D3-BF4B-00C04F79EFBC}") = "Bowling", "Bowling.csproj", "{9A6B14AF-7E05-4D7A-9AE7-0DF143D3AF1E}"
EndProject
Global
	GlobalSection(SolutionConfigurationPlatforms) = preSolution
		Debug|Any CPU = Debug|Any CPU
		Release|Any CPU = Release|Any CPU
	EndGlobalSection
	GlobalSection(ProjectConfigurationPlatforms) = postSolution
		{9A6B14AF-7E05-4D7A-9AE7-0DF143D3AF1E}.Debug|Any CPU.ActiveCfg = Debug|Any CPU
		{9A6B14AF-7E05-4D7A-9AE7-0DF143D3AF1E}.Debug|Any CPU.Build.0 = Debug|Any CPU
		{9A6B14AF-7E05-4D7A-9AE7-0DF143D3AF1E}.Release|Any CPU.ActiveCfg = Release|Any CPU
		{9A6B14AF-7E05-4D7A-9AE7-0DF143D3AF1E}.Release|Any CPU.Build.0 = Release|Any CPU
	EndGlobalSection
	GlobalSection(SolutionProperties) = preSolution
		HideSolutionNode = FALSE
	EndGlobalSection
	GlobalSection(ExtensibilityGlobals) = postSolution
		SolutionGuid = {3AA1F46C-8CF7-45F0-9117-A08A84522300}
	EndGlobalSection
EndGlobal
